
Microsoft Visual Studio Solution File, Format Version 12.00
# Visual Studio Version 17
VisualStudioVersion = 17.2.32616.157
MinimumVisualStudioVersion = 10.0.40219.1
Project("{FAE04EC0-301F-11D3-BF4B-00C04F79EFBC}") = "TryDeleteFiles", "TryDeleteFiles.csproj", "{2DA8C724-4C18-44A2-94E7-39F27570EDF2}"
EndProject
Global
	GlobalSection(SolutionConfigurationPlatforms) = preSolution
		Debug|Any CPU = Debug|Any CPU
		Release|Any CPU = Release|Any CPU
	EndGlobalSection
	GlobalSection(ProjectConfigurationPlatforms) = postSolution
		{2DA8C724-4C18-44A2-94E7-39F27570EDF2}.Debug|Any CPU.ActiveCfg = Debug|Any CPU
		{2DA8C724-4C18-44A2-94E7-39F27570EDF2}.Debug|Any CPU.Build.0 = Debug|Any CPU
		{2DA8C724-4C18-44A2-94E7-39F27570EDF2}.Release|Any CPU.ActiveCfg = Release|Any CPU
		{2DA8C724-4C18-44A2-94E7-39F27570EDF2}.Release|Any CPU.Build.0 = Release|Any CPU
	EndGlobalSection
	GlobalSection(SolutionProperties) = preSolution
		HideSolutionNode = FALSE
	EndGlobalSection
	GlobalSection(ExtensibilityGlobals) = postSolution
		SolutionGuid = {6A0C1F09-513F-450F-9625-9AEB2C060FE9}
	EndGlobalSection
EndGlobal
