
Microsoft Visual Studio Solution File, Format Version 12.00
# Visual Studio Version 17
VisualStudioVersion = 17.2.32616.157
MinimumVisualStudioVersion = 10.0.40219.1
Project("{FAE04EC0-301F-11D3-BF4B-00C04F79EFBC}") = "Log In and Sign Up", "Log In and Sign Up.csproj", "{17B1ECFD-7644-403F-8D67-DF604715EA0F}"
EndProject
Global
	GlobalSection(SolutionConfigurationPlatforms) = preSolution
		Debug|Any CPU = Debug|Any CPU
		Release|Any CPU = Release|Any CPU
	EndGlobalSection
	GlobalSection(ProjectConfigurationPlatforms) = postSolution
		{17B1ECFD-7644-403F-8D67-DF604715EA0F}.Debug|Any CPU.ActiveCfg = Debug|Any CPU
		{17B1ECFD-7644-403F-8D67-DF604715EA0F}.Debug|Any CPU.Build.0 = Debug|Any CPU
		{17B1ECFD-7644-403F-8D67-DF604715EA0F}.Release|Any CPU.ActiveCfg = Release|Any CPU
		{17B1ECFD-7644-403F-8D67-DF604715EA0F}.Release|Any CPU.Build.0 = Release|Any CPU
	EndGlobalSection
	GlobalSection(SolutionProperties) = preSolution
		HideSolutionNode = FALSE
	EndGlobalSection
	GlobalSection(ExtensibilityGlobals) = postSolution
		SolutionGuid = {A8964075-BDE7-4FF3-8C6D-53980C23F969}
	EndGlobalSection
EndGlobal
