
Microsoft Visual Studio Solution File, Format Version 12.00
# Visual Studio Version 17
VisualStudioVersion = 17.2.32616.157
MinimumVisualStudioVersion = 10.0.40219.1
Project("{FAE04EC0-301F-11D3-BF4B-00C04F79EFBC}") = "GetThumbnailFromMP4", "GetThumbnailFromMP4.csproj", "{8F50513F-C114-4B3B-87D0-37070B20D245}"
EndProject
Global
	GlobalSection(SolutionConfigurationPlatforms) = preSolution
		Debug|Any CPU = Debug|Any CPU
		Release|Any CPU = Release|Any CPU
	EndGlobalSection
	GlobalSection(ProjectConfigurationPlatforms) = postSolution
		{8F50513F-C114-4B3B-87D0-37070B20D245}.Debug|Any CPU.ActiveCfg = Debug|Any CPU
		{8F50513F-C114-4B3B-87D0-37070B20D245}.Debug|Any CPU.Build.0 = Debug|Any CPU
		{8F50513F-C114-4B3B-87D0-37070B20D245}.Release|Any CPU.ActiveCfg = Release|Any CPU
		{8F50513F-C114-4B3B-87D0-37070B20D245}.Release|Any CPU.Build.0 = Release|Any CPU
	EndGlobalSection
	GlobalSection(SolutionProperties) = preSolution
		HideSolutionNode = FALSE
	EndGlobalSection
	GlobalSection(ExtensibilityGlobals) = postSolution
		SolutionGuid = {FE616E5D-79AD-4C67-9540-8ECD26F3F8A5}
	EndGlobalSection
EndGlobal
