
Microsoft Visual Studio Solution File, Format Version 12.00
# Visual Studio Version 17
VisualStudioVersion = 17.2.32616.157
MinimumVisualStudioVersion = 10.0.40219.1
Project("{9A19103F-16F7-4668-BE54-9A1E7A4F7556}") = "ReviewAll", "ReviewAll.csproj", "{F0622C2E-2CE7-4556-8909-42557FE546EB}"
EndProject
Project("{2150E333-8FDC-42A3-9474-1A3956D46DE8}") = "Solution Items", "Solution Items", "{2E18D590-BF88-4D0E-92F9-C11FAEA5BB5D}"
	ProjectSection(SolutionItems) = preProject
		.editorconfig = .editorconfig
	EndProjectSection
EndProject
Global
	GlobalSection(SolutionConfigurationPlatforms) = preSolution
		Debug|Any CPU = Debug|Any CPU
		Release|Any CPU = Release|Any CPU
	EndGlobalSection
	GlobalSection(ProjectConfigurationPlatforms) = postSolution
		{F0622C2E-2CE7-4556-8909-42557FE546EB}.Debug|Any CPU.ActiveCfg = Debug|Any CPU
		{F0622C2E-2CE7-4556-8909-42557FE546EB}.Debug|Any CPU.Build.0 = Debug|Any CPU
		{F0622C2E-2CE7-4556-8909-42557FE546EB}.Release|Any CPU.ActiveCfg = Release|Any CPU
		{F0622C2E-2CE7-4556-8909-42557FE546EB}.Release|Any CPU.Build.0 = Release|Any CPU
	EndGlobalSection
	GlobalSection(SolutionProperties) = preSolution
		HideSolutionNode = FALSE
	EndGlobalSection
	GlobalSection(ExtensibilityGlobals) = postSolution
		SolutionGuid = {EE84DC8E-3AA3-4D13-B13F-F3B1EBD4FA94}
	EndGlobalSection
EndGlobal
