
Microsoft Visual Studio Solution File, Format Version 12.00
# Visual Studio Version 17
VisualStudioVersion = 17.2.32616.157
MinimumVisualStudioVersion = 10.0.40219.1
Project("{FAE04EC0-301F-11D3-BF4B-00C04F79EFBC}") = "WindowsFormsApp3", "WindowsFormsApp3.csproj", "{5B453DF5-4CE6-44D0-8C62-EE94A8ED6940}"
EndProject
Global
	GlobalSection(SolutionConfigurationPlatforms) = preSolution
		Debug|Any CPU = Debug|Any CPU
		Release|Any CPU = Release|Any CPU
	EndGlobalSection
	GlobalSection(ProjectConfigurationPlatforms) = postSolution
		{5B453DF5-4CE6-44D0-8C62-EE94A8ED6940}.Debug|Any CPU.ActiveCfg = Debug|Any CPU
		{5B453DF5-4CE6-44D0-8C62-EE94A8ED6940}.Debug|Any CPU.Build.0 = Debug|Any CPU
		{5B453DF5-4CE6-44D0-8C62-EE94A8ED6940}.Release|Any CPU.ActiveCfg = Release|Any CPU
		{5B453DF5-4CE6-44D0-8C62-EE94A8ED6940}.Release|Any CPU.Build.0 = Release|Any CPU
	EndGlobalSection
	GlobalSection(SolutionProperties) = preSolution
		HideSolutionNode = FALSE
	EndGlobalSection
	GlobalSection(ExtensibilityGlobals) = postSolution
		SolutionGuid = {D9CDA7EB-07A8-40D0-AFF0-E8CBAA258B82}
	EndGlobalSection
EndGlobal
