
Microsoft Visual Studio Solution File, Format Version 12.00
# Visual Studio Version 17
VisualStudioVersion = 17.2.32616.157
MinimumVisualStudioVersion = 10.0.40219.1
Project("{FAE04EC0-301F-11D3-BF4B-00C04F79EFBC}") = "Bai02", "Bai02.csproj", "{FED41221-9C9D-46B6-BB28-BDC7028210B2}"
EndProject
Global
	GlobalSection(SolutionConfigurationPlatforms) = preSolution
		Debug|Any CPU = Debug|Any CPU
		Release|Any CPU = Release|Any CPU
	EndGlobalSection
	GlobalSection(ProjectConfigurationPlatforms) = postSolution
		{FED41221-9C9D-46B6-BB28-BDC7028210B2}.Debug|Any CPU.ActiveCfg = Debug|Any CPU
		{FED41221-9C9D-46B6-BB28-BDC7028210B2}.Debug|Any CPU.Build.0 = Debug|Any CPU
		{FED41221-9C9D-46B6-BB28-BDC7028210B2}.Release|Any CPU.ActiveCfg = Release|Any CPU
		{FED41221-9C9D-46B6-BB28-BDC7028210B2}.Release|Any CPU.Build.0 = Release|Any CPU
	EndGlobalSection
	GlobalSection(SolutionProperties) = preSolution
		HideSolutionNode = FALSE
	EndGlobalSection
	GlobalSection(ExtensibilityGlobals) = postSolution
		SolutionGuid = {D7341DE4-90D1-4318-8521-F0EC170CEB78}
	EndGlobalSection
EndGlobal
