
Microsoft Visual Studio Solution File, Format Version 12.00
# Visual Studio Version 17
VisualStudioVersion = 17.2.32616.157
MinimumVisualStudioVersion = 10.0.40219.1
Project("{FAE04EC0-301F-11D3-BF4B-00C04F79EFBC}") = "Bai02", "Bai02.csproj", "{336B5147-239B-46DC-8E3C-8664F8A802D1}"
EndProject
Global
	GlobalSection(SolutionConfigurationPlatforms) = preSolution
		Debug|Any CPU = Debug|Any CPU
		Release|Any CPU = Release|Any CPU
	EndGlobalSection
	GlobalSection(ProjectConfigurationPlatforms) = postSolution
		{336B5147-239B-46DC-8E3C-8664F8A802D1}.Debug|Any CPU.ActiveCfg = Debug|Any CPU
		{336B5147-239B-46DC-8E3C-8664F8A802D1}.Debug|Any CPU.Build.0 = Debug|Any CPU
		{336B5147-239B-46DC-8E3C-8664F8A802D1}.Release|Any CPU.ActiveCfg = Release|Any CPU
		{336B5147-239B-46DC-8E3C-8664F8A802D1}.Release|Any CPU.Build.0 = Release|Any CPU
	EndGlobalSection
	GlobalSection(SolutionProperties) = preSolution
		HideSolutionNode = FALSE
	EndGlobalSection
	GlobalSection(ExtensibilityGlobals) = postSolution
		SolutionGuid = {B42FCA1F-66C8-4453-8041-64E9CDD6352C}
	EndGlobalSection
EndGlobal
