
Microsoft Visual Studio Solution File, Format Version 12.00
# Visual Studio Version 17
VisualStudioVersion = 17.2.32616.157
MinimumVisualStudioVersion = 10.0.40219.1
Project("{FAE04EC0-301F-11D3-BF4B-00C04F79EFBC}") = "Lab02-Bai04", "Lab02-Bai04.csproj", "{19C8BE54-D156-4FC7-8EA7-AD5AAF1F7D9E}"
EndProject
Global
	GlobalSection(SolutionConfigurationPlatforms) = preSolution
		Debug|Any CPU = Debug|Any CPU
		Release|Any CPU = Release|Any CPU
	EndGlobalSection
	GlobalSection(ProjectConfigurationPlatforms) = postSolution
		{19C8BE54-D156-4FC7-8EA7-AD5AAF1F7D9E}.Debug|Any CPU.ActiveCfg = Debug|Any CPU
		{19C8BE54-D156-4FC7-8EA7-AD5AAF1F7D9E}.Debug|Any CPU.Build.0 = Debug|Any CPU
		{19C8BE54-D156-4FC7-8EA7-AD5AAF1F7D9E}.Release|Any CPU.ActiveCfg = Release|Any CPU
		{19C8BE54-D156-4FC7-8EA7-AD5AAF1F7D9E}.Release|Any CPU.Build.0 = Release|Any CPU
	EndGlobalSection
	GlobalSection(SolutionProperties) = preSolution
		HideSolutionNode = FALSE
	EndGlobalSection
	GlobalSection(ExtensibilityGlobals) = postSolution
		SolutionGuid = {2DB30287-52D6-4B99-8C85-0C5659DE1CBF}
	EndGlobalSection
EndGlobal
