
Microsoft Visual Studio Solution File, Format Version 12.00
# Visual Studio Version 17
VisualStudioVersion = 17.2.32616.157
MinimumVisualStudioVersion = 10.0.40219.1
Project("{FAE04EC0-301F-11D3-BF4B-00C04F79EFBC}") = "TestRemoveVietnameseAccents", "TestRemoveVietnameseAccents.csproj", "{8DF4B7B4-97AB-43F3-B242-53AFDC68E39F}"
EndProject
Global
	GlobalSection(SolutionConfigurationPlatforms) = preSolution
		Debug|Any CPU = Debug|Any CPU
		Release|Any CPU = Release|Any CPU
	EndGlobalSection
	GlobalSection(ProjectConfigurationPlatforms) = postSolution
		{8DF4B7B4-97AB-43F3-B242-53AFDC68E39F}.Debug|Any CPU.ActiveCfg = Debug|Any CPU
		{8DF4B7B4-97AB-43F3-B242-53AFDC68E39F}.Debug|Any CPU.Build.0 = Debug|Any CPU
		{8DF4B7B4-97AB-43F3-B242-53AFDC68E39F}.Release|Any CPU.ActiveCfg = Release|Any CPU
		{8DF4B7B4-97AB-43F3-B242-53AFDC68E39F}.Release|Any CPU.Build.0 = Release|Any CPU
	EndGlobalSection
	GlobalSection(SolutionProperties) = preSolution
		HideSolutionNode = FALSE
	EndGlobalSection
	GlobalSection(ExtensibilityGlobals) = postSolution
		SolutionGuid = {68B17B60-B4BD-4D72-BAB9-D2EC2028A6A3}
	EndGlobalSection
EndGlobal
