
Microsoft Visual Studio Solution File, Format Version 12.00
# Visual Studio Version 17
VisualStudioVersion = 17.2.32616.157
MinimumVisualStudioVersion = 10.0.40219.1
Project("{FAE04EC0-301F-11D3-BF4B-00C04F79EFBC}") = "WindowsFormsApp2", "WindowsFormsApp2.csproj", "{4FDCFCAF-7710-4378-9443-79103C341977}"
EndProject
Global
	GlobalSection(SolutionConfigurationPlatforms) = preSolution
		Debug|Any CPU = Debug|Any CPU
		Release|Any CPU = Release|Any CPU
	EndGlobalSection
	GlobalSection(ProjectConfigurationPlatforms) = postSolution
		{4FDCFCAF-7710-4378-9443-79103C341977}.Debug|Any CPU.ActiveCfg = Debug|Any CPU
		{4FDCFCAF-7710-4378-9443-79103C341977}.Debug|Any CPU.Build.0 = Debug|Any CPU
		{4FDCFCAF-7710-4378-9443-79103C341977}.Release|Any CPU.ActiveCfg = Release|Any CPU
		{4FDCFCAF-7710-4378-9443-79103C341977}.Release|Any CPU.Build.0 = Release|Any CPU
	EndGlobalSection
	GlobalSection(SolutionProperties) = preSolution
		HideSolutionNode = FALSE
	EndGlobalSection
	GlobalSection(ExtensibilityGlobals) = postSolution
		SolutionGuid = {4CD833F1-99FD-46E8-BE1C-07BEB9ECA6CA}
	EndGlobalSection
EndGlobal
