
Microsoft Visual Studio Solution File, Format Version 12.00
# Visual Studio Version 17
VisualStudioVersion = 17.2.32616.157
MinimumVisualStudioVersion = 10.0.40219.1
Project("{FAE04EC0-301F-11D3-BF4B-00C04F79EFBC}") = "Bai08", "Bai08.csproj", "{7C6EA805-319A-478D-983C-7F34BBC11C07}"
EndProject
Global
	GlobalSection(SolutionConfigurationPlatforms) = preSolution
		Debug|Any CPU = Debug|Any CPU
		Release|Any CPU = Release|Any CPU
	EndGlobalSection
	GlobalSection(ProjectConfigurationPlatforms) = postSolution
		{7C6EA805-319A-478D-983C-7F34BBC11C07}.Debug|Any CPU.ActiveCfg = Debug|Any CPU
		{7C6EA805-319A-478D-983C-7F34BBC11C07}.Debug|Any CPU.Build.0 = Debug|Any CPU
		{7C6EA805-319A-478D-983C-7F34BBC11C07}.Release|Any CPU.ActiveCfg = Release|Any CPU
		{7C6EA805-319A-478D-983C-7F34BBC11C07}.Release|Any CPU.Build.0 = Release|Any CPU
	EndGlobalSection
	GlobalSection(SolutionProperties) = preSolution
		HideSolutionNode = FALSE
	EndGlobalSection
	GlobalSection(ExtensibilityGlobals) = postSolution
		SolutionGuid = {AF037F9A-6FF6-4B36-BE48-3BB949516FD0}
	EndGlobalSection
EndGlobal
