
Microsoft Visual Studio Solution File, Format Version 12.00
# Visual Studio Version 17
VisualStudioVersion = 17.2.32616.157
MinimumVisualStudioVersion = 10.0.40219.1
Project("{FAE04EC0-301F-11D3-BF4B-00C04F79EFBC}") = "LTTQ_1st Lesson", "LTTQ_1st Lesson.csproj", "{58FCF7F8-F5C7-427D-9287-269E300FC9CA}"
EndProject
Global
	GlobalSection(SolutionConfigurationPlatforms) = preSolution
		Debug|Any CPU = Debug|Any CPU
		Release|Any CPU = Release|Any CPU
	EndGlobalSection
	GlobalSection(ProjectConfigurationPlatforms) = postSolution
		{58FCF7F8-F5C7-427D-9287-269E300FC9CA}.Debug|Any CPU.ActiveCfg = Debug|Any CPU
		{58FCF7F8-F5C7-427D-9287-269E300FC9CA}.Debug|Any CPU.Build.0 = Debug|Any CPU
		{58FCF7F8-F5C7-427D-9287-269E300FC9CA}.Release|Any CPU.ActiveCfg = Release|Any CPU
		{58FCF7F8-F5C7-427D-9287-269E300FC9CA}.Release|Any CPU.Build.0 = Release|Any CPU
	EndGlobalSection
	GlobalSection(SolutionProperties) = preSolution
		HideSolutionNode = FALSE
	EndGlobalSection
	GlobalSection(ExtensibilityGlobals) = postSolution
		SolutionGuid = {1CE8A230-9E5B-469D-AC0B-50FF6528679C}
	EndGlobalSection
EndGlobal
