
Microsoft Visual Studio Solution File, Format Version 12.00
# Visual Studio Version 17
VisualStudioVersion = 17.2.32616.157
MinimumVisualStudioVersion = 10.0.40219.1
Project("{FAE04EC0-301F-11D3-BF4B-00C04F79EFBC}") = "Bai10", "Bai10.csproj", "{DC8F8FC9-C27B-4D91-9E02-81AA99B3801F}"
EndProject
Global
	GlobalSection(SolutionConfigurationPlatforms) = preSolution
		Debug|Any CPU = Debug|Any CPU
		Release|Any CPU = Release|Any CPU
	EndGlobalSection
	GlobalSection(ProjectConfigurationPlatforms) = postSolution
		{DC8F8FC9-C27B-4D91-9E02-81AA99B3801F}.Debug|Any CPU.ActiveCfg = Debug|Any CPU
		{DC8F8FC9-C27B-4D91-9E02-81AA99B3801F}.Debug|Any CPU.Build.0 = Debug|Any CPU
		{DC8F8FC9-C27B-4D91-9E02-81AA99B3801F}.Release|Any CPU.ActiveCfg = Release|Any CPU
		{DC8F8FC9-C27B-4D91-9E02-81AA99B3801F}.Release|Any CPU.Build.0 = Release|Any CPU
	EndGlobalSection
	GlobalSection(SolutionProperties) = preSolution
		HideSolutionNode = FALSE
	EndGlobalSection
	GlobalSection(ExtensibilityGlobals) = postSolution
		SolutionGuid = {E0026779-4339-41AB-84ED-E7B3EB056AFC}
	EndGlobalSection
EndGlobal
